// !$*UTF8*$!
{
	archiveVersion = 1;
	classes = {
	};
	objectVersion = 50;
	objects = {

/* Begin PBXBuildFile section */
		E097AB65269201D00026D91F /* AppDelegate.swift in Sources */ = {isa = PBXBuildFile; fileRef = E097AB64269201D00026D91F /* AppDelegate.swift */; };
		E097AB67269201D00026D91F /* SceneDelegate.swift in Sources */ = {isa = PBXBuildFile; fileRef = E097AB66269201D00026D91F /* SceneDelegate.swift */; };
		E097AB69269201D00026D91F /* ViewController.swift in Sources */ = {isa = PBXBuildFile; fileRef = E097AB68269201D00026D91F /* ViewController.swift */; };
		E097AB6C269201D00026D91F /* Main.storyboard in Resources */ = {isa = PBXBuildFile; fileRef = E097AB6A269201D00026D91F /* Main.storyboard */; };
		E097AB6E269201D20026D91F /* Assets.xcassets in Resources */ = {isa = PBXBuildFile; fileRef = E097AB6D269201D20026D91F /* Assets.xcassets */; };
		E097AB71269201D20026D91F /* LaunchScreen.storyboard in Resources */ = {isa = PBXBuildFile; fileRef = E097AB6F269201D20026D91F /* LaunchScreen.storyboard */; };
		E0AEC91D269314DE00B503D5 /* CurrentWeatherData.swift in Sources */ = {isa = PBXBuildFile; fileRef = E0AEC91C269314DE00B503D5 /* CurrentWeatherData.swift */; };
		E0D8AE0426923CE400180FFA /* NetworkManager.swift in Sources */ = {isa = PBXBuildFile; fileRef = E0D8AE0326923CE400180FFA /* NetworkManager.swift */; };
		E0D8AE0726923EE900180FFA /* Constants.swift in Sources */ = {isa = PBXBuildFile; fileRef = E0D8AE0626923EE900180FFA /* Constants.swift */; };
		E0E88B1C2693232000C52DC9 /* CurrentWeather.swift in Sources */ = {isa = PBXBuildFile; fileRef = E0E88B1B2693232000C52DC9 /* CurrentWeather.swift */; };
/* End PBXBuildFile section */

/* Begin PBXFileReference section */
		E097AB61269201D00026D91F /* Just Weather App.app */ = {isa = PBXFileReference; explicitFileType = wrapper.application; includeInIndex = 0; path = "Just Weather App.app"; sourceTree = BUILT_PRODUCTS_DIR; };
		E097AB64269201D00026D91F /* AppDelegate.swift */ = {isa = PBXFileReference; lastKnownFileType = sourcecode.swift; path = AppDelegate.swift; sourceTree = "<group>"; };
		E097AB66269201D00026D91F /* SceneDelegate.swift */ = {isa = PBXFileReference; lastKnownFileType = sourcecode.swift; path = SceneDelegate.swift; sourceTree = "<group>"; };
		E097AB68269201D00026D91F /* ViewController.swift */ = {isa = PBXFileReference; lastKnownFileType = sourcecode.swift; path = ViewController.swift; sourceTree = "<group>"; };
		E097AB6B269201D00026D91F /* Base */ = {isa = PBXFileReference; lastKnownFileType = file.storyboard; name = Base; path = Base.lproj/Main.storyboard; sourceTree = "<group>"; };
		E097AB6D269201D20026D91F /* Assets.xcassets */ = {isa = PBXFileReference; lastKnownFileType = folder.assetcatalog; path = Assets.xcassets; sourceTree = "<group>"; };
		E097AB70269201D20026D91F /* Base */ = {isa = PBXFileReference; lastKnownFileType = file.storyboard; name = Base; path = Base.lproj/LaunchScreen.storyboard; sourceTree = "<group>"; };
		E097AB72269201D20026D91F /* Info.plist */ = {isa = PBXFileReference; lastKnownFileType = text.plist.xml; path = Info.plist; sourceTree = "<group>"; };
		E0AEC91C269314DE00B503D5 /* CurrentWeatherData.swift */ = {isa = PBXFileReference; lastKnownFileType = sourcecode.swift; path = CurrentWeatherData.swift; sourceTree = "<group>"; };
		E0D8AE0326923CE400180FFA /* NetworkManager.swift */ = {isa = PBXFileReference; lastKnownFileType = sourcecode.swift; path = NetworkManager.swift; sourceTree = "<group>"; };
		E0D8AE0626923EE900180FFA /* Constants.swift */ = {isa = PBXFileReference; lastKnownFileType = sourcecode.swift; name = Constants.swift; path = "/Users/alexanderkovzhut/Documents/GitHub/Just Weather App/Just Weather App/Sources/Constants.swift"; sourceTree = "<absolute>"; };
		E0E88B1B2693232000C52DC9 /* CurrentWeather.swift */ = {isa = PBXFileReference; lastKnownFileType = sourcecode.swift; path = CurrentWeather.swift; sourceTree = "<group>"; };
/* End PBXFileReference section */

/* Begin PBXFrameworksBuildPhase section */
		E097AB5E269201D00026D91F /* Frameworks */ = {
			isa = PBXFrameworksBuildPhase;
			buildActionMask = 2147483647;
			files = (
			);
			runOnlyForDeploymentPostprocessing = 0;
		};
/* End PBXFrameworksBuildPhase section */

/* Begin PBXGroup section */
		E097AB58269201D00026D91F = {
			isa = PBXGroup;
			children = (
				E097AB63269201D00026D91F /* Just Weather App */,
				E097AB62269201D00026D91F /* Products */,
			);
			sourceTree = "<group>";
		};
		E097AB62269201D00026D91F /* Products */ = {
			isa = PBXGroup;
			children = (
				E097AB61269201D00026D91F /* Just Weather App.app */,
			);
			name = Products;
			sourceTree = "<group>";
		};
		E097AB63269201D00026D91F /* Just Weather App */ = {
			isa = PBXGroup;
			children = (
				E097AB7D269207B30026D91F /* Sources */,
				E097AB7C269207A00026D91F /* View Controllers */,
				E097AB7B269207990026D91F /* Views */,
				E097AB7A2692078E0026D91F /* Models */,
			);
			path = "Just Weather App";
			sourceTree = "<group>";
		};
		E097AB7A2692078E0026D91F /* Models */ = {
			isa = PBXGroup;
			children = (
				E0D8AE0326923CE400180FFA /* NetworkManager.swift */,
				E0AEC91C269314DE00B503D5 /* CurrentWeatherData.swift */,
				E0E88B1B2693232000C52DC9 /* CurrentWeather.swift */,
			);
			path = Models;
			sourceTree = "<group>";
		};
		E097AB7B269207990026D91F /* Views */ = {
			isa = PBXGroup;
			children = (
				E097AB6F269201D20026D91F /* LaunchScreen.storyboard */,
				E097AB6A269201D00026D91F /* Main.storyboard */,
			);
			path = Views;
			sourceTree = "<group>";
		};
		E097AB7C269207A00026D91F /* View Controllers */ = {
			isa = PBXGroup;
			children = (
				E097AB68269201D00026D91F /* ViewController.swift */,
			);
			path = "View Controllers";
			sourceTree = "<group>";
		};
		E097AB7D269207B30026D91F /* Sources */ = {
			isa = PBXGroup;
			children = (
				E097AB72269201D20026D91F /* Info.plist */,
				E097AB6D269201D20026D91F /* Assets.xcassets */,
				E097AB64269201D00026D91F /* AppDelegate.swift */,
				E097AB66269201D00026D91F /* SceneDelegate.swift */,
				E0D8AE0626923EE900180FFA /* Constants.swift */,
			);
			path = Sources;
			sourceTree = "<group>";
		};
/* End PBXGroup section */

/* Begin PBXNativeTarget section */
		E097AB60269201D00026D91F /* Just Weather App */ = {
			isa = PBXNativeTarget;
			buildConfigurationList = E097AB75269201D20026D91F /* Build configuration list for PBXNativeTarget "Just Weather App" */;
			buildPhases = (
				E097AB5D269201D00026D91F /* Sources */,
				E097AB5E269201D00026D91F /* Frameworks */,
				E097AB5F269201D00026D91F /* Resources */,
			);
			buildRules = (
			);
			dependencies = (
			);
			name = "Just Weather App";
			productName = "Just Weather App";
			productReference = E097AB61269201D00026D91F /* Just Weather App.app */;
			productType = "com.apple.product-type.application";
		};
/* End PBXNativeTarget section */

/* Begin PBXProject section */
		E097AB59269201D00026D91F /* Project object */ = {
			isa = PBXProject;
			attributes = {
				LastSwiftUpdateCheck = 1240;
				LastUpgradeCheck = 1240;
				TargetAttributes = {
					E097AB60269201D00026D91F = {
						CreatedOnToolsVersion = 12.4;
					};
				};
			};
			buildConfigurationList = E097AB5C269201D00026D91F /* Build configuration list for PBXProject "Just Weather App" */;
			compatibilityVersion = "Xcode 9.3";
			developmentRegion = en;
			hasScannedForEncodings = 0;
			knownRegions = (
				en,
				Base,
			);
			mainGroup = E097AB58269201D00026D91F;
			productRefGroup = E097AB62269201D00026D91F /* Products */;
			projectDirPath = "";
			projectRoot = "";
			targets = (
				E097AB60269201D00026D91F /* Just Weather App */,
			);
		};
/* End PBXProject section */

/* Begin PBXResourcesBuildPhase section */
		E097AB5F269201D00026D91F /* Resources */ = {
			isa = PBXResourcesBuildPhase;
			buildActionMask = 2147483647;
			files = (
				E097AB71269201D20026D91F /* LaunchScreen.storyboard in Resources */,
				E097AB6E269201D20026D91F /* Assets.xcassets in Resources */,
				E097AB6C269201D00026D91F /* Main.storyboard in Resources */,
			);
			runOnlyForDeploymentPostprocessing = 0;
		};
/* End PBXResourcesBuildPhase section */

/* Begin PBXSourcesBuildPhase section */
		E097AB5D269201D00026D91F /* Sources */ = {
			isa = PBXSourcesBuildPhase;
			buildActionMask = 2147483647;
			files = (
				E0D8AE0726923EE900180FFA /* Constants.swift in Sources */,
				E0D8AE0426923CE400180FFA /* NetworkManager.swift in Sources */,
				E0AEC91D269314DE00B503D5 /* CurrentWeatherData.swift in Sources */,
				E0E88B1C2693232000C52DC9 /* CurrentWeather.swift in Sources */,
				E097AB69269201D00026D91F /* ViewController.swift in Sources */,
				E097AB65269201D00026D91F /* AppDelegate.swift in Sources */,
				E097AB67269201D00026D91F /* SceneDelegate.swift in Sources */,
			);
			runOnlyForDeploymentPostprocessing = 0;
		};
/* End PBXSourcesBuildPhase section */

/* Begin PBXVariantGroup section */
		E097AB6A269201D00026D91F /* Main.storyboard */ = {
			isa = PBXVariantGroup;
			children = (
				E097AB6B269201D00026D91F /* Base */,
			);
			name = Main.storyboard;
			sourceTree = "<group>";
		};
		E097AB6F269201D20026D91F /* LaunchScreen.storyboard */ = {
			isa = PBXVariantGroup;
			children = (
				E097AB70269201D20026D91F /* Base */,
			);
			name = LaunchScreen.storyboard;
			sourceTree = "<group>";
		};
/* End PBXVariantGroup section */

/* Begin XCBuildConfiguration section */
		E097AB73269201D20026D91F /* Debug */ = {
			isa = XCBuildConfiguration;
			buildSettings = {
				ALWAYS_SEARCH_USER_PATHS = NO;
				CLANG_ANALYZER_NONNULL = YES;
				CLANG_ANALYZER_NUMBER_OBJECT_CONVERSION = YES_AGGRESSIVE;
				CLANG_CXX_LANGUAGE_STANDARD = "gnu++14";
				CLANG_CXX_LIBRARY = "libc++";
				CLANG_ENABLE_MODULES = YES;
				CLANG_ENABLE_OBJC_ARC = YES;
				CLANG_ENABLE_OBJC_WEAK = YES;
				CLANG_WARN_BLOCK_CAPTURE_AUTORELEASING = YES;
				CLANG_WARN_BOOL_CONVERSION = YES;
				CLANG_WARN_COMMA = YES;
				CLANG_WARN_CONSTANT_CONVERSION = YES;
				CLANG_WARN_DEPRECATED_OBJC_IMPLEMENTATIONS = YES;
				CLANG_WARN_DIRECT_OBJC_ISA_USAGE = YES_ERROR;
				CLANG_WARN_DOCUMENTATION_COMMENTS = YES;
				CLANG_WARN_EMPTY_BODY = YES;
				CLANG_WARN_ENUM_CONVERSION = YES;
				CLANG_WARN_INFINITE_RECURSION = YES;
				CLANG_WARN_INT_CONVERSION = YES;
				CLANG_WARN_NON_LITERAL_NULL_CONVERSION = YES;
				CLANG_WARN_OBJC_IMPLICIT_RETAIN_SELF = YES;
				CLANG_WARN_OBJC_LITERAL_CONVERSION = YES;
				CLANG_WARN_OBJC_ROOT_CLASS = YES_ERROR;
				CLANG_WARN_QUOTED_INCLUDE_IN_FRAMEWORK_HEADER = YES;
				CLANG_WARN_RANGE_LOOP_ANALYSIS = YES;
				CLANG_WARN_STRICT_PROTOTYPES = YES;
				CLANG_WARN_SUSPICIOUS_MOVE = YES;
				CLANG_WARN_UNGUARDED_AVAILABILITY = YES_AGGRESSIVE;
				CLANG_WARN_UNREACHABLE_CODE = YES;
				CLANG_WARN__DUPLICATE_METHOD_MATCH = YES;
				COPY_PHASE_STRIP = NO;
				DEBUG_INFORMATION_FORMAT = dwarf;
				ENABLE_STRICT_OBJC_MSGSEND = YES;
				ENABLE_TESTABILITY = YES;
				GCC_C_LANGUAGE_STANDARD = gnu11;
				GCC_DYNAMIC_NO_PIC = NO;
				GCC_NO_COMMON_BLOCKS = YES;
				GCC_OPTIMIZATION_LEVEL = 0;
				GCC_PREPROCESSOR_DEFINITIONS = (
					"DEBUG=1",
					"$(inherited)",
				);
				GCC_WARN_64_TO_32_BIT_CONVERSION = YES;
				GCC_WARN_ABOUT_RETURN_TYPE = YES_ERROR;
				GCC_WARN_UNDECLARED_SELECTOR = YES;
				GCC_WARN_UNINITIALIZED_AUTOS = YES_AGGRESSIVE;
				GCC_WARN_UNUSED_FUNCTION = YES;
				GCC_WARN_UNUSED_VARIABLE = YES;
				IPHONEOS_DEPLOYMENT_TARGET = 14.4;
				MTL_ENABLE_DEBUG_INFO = INCLUDE_SOURCE;
				MTL_FAST_MATH = YES;
				ONLY_ACTIVE_ARCH = YES;
				SDKROOT = iphoneos;
				SWIFT_ACTIVE_COMPILATION_CONDITIONS = DEBUG;
				SWIFT_OPTIMIZATION_LEVEL = "-Onone";
			};
			name = Debug;
		};
		E097AB74269201D20026D91F /* Release */ = {
			isa = XCBuildConfiguration;
			buildSettings = {
				ALWAYS_SEARCH_USER_PATHS = NO;
				CLANG_ANALYZER_NONNULL = YES;
				CLANG_ANALYZER_NUMBER_OBJECT_CONVERSION = YES_AGGRESSIVE;
				CLANG_CXX_LANGUAGE_STANDARD = "gnu++14";
				CLANG_CXX_LIBRARY = "libc++";
				CLANG_ENABLE_MODULES = YES;
				CLANG_ENABLE_OBJC_ARC = YES;
				CLANG_ENABLE_OBJC_WEAK = YES;
				CLANG_WARN_BLOCK_CAPTURE_AUTORELEASING = YES;
				CLANG_WARN_BOOL_CONVERSION = YES;
				CLANG_WARN_COMMA = YES;
				CLANG_WARN_CONSTANT_CONVERSION = YES;
				CLANG_WARN_DEPRECATED_OBJC_IMPLEMENTATIONS = YES;
				CLANG_WARN_DIRECT_OBJC_ISA_USAGE = YES_ERROR;
				CLANG_WARN_DOCUMENTATION_COMMENTS = YES;
				CLANG_WARN_EMPTY_BODY = YES;
				CLANG_WARN_ENUM_CONVERSION = YES;
				CLANG_WARN_INFINITE_RECURSION = YES;
				CLANG_WARN_INT_CONVERSION = YES;
				CLANG_WARN_NON_LITERAL_NULL_CONVERSION = YES;
				CLANG_WARN_OBJC_IMPLICIT_RETAIN_SELF = YES;
				CLANG_WARN_OBJC_LITERAL_CONVERSION = YES;
				CLANG_WARN_OBJC_ROOT_CLASS = YES_ERROR;
				CLANG_WARN_QUOTED_INCLUDE_IN_FRAMEWORK_HEADER = YES;
				CLANG_WARN_RANGE_LOOP_ANALYSIS = YES;
				CLANG_WARN_STRICT_PROTOTYPES = YES;
				CLANG_WARN_SUSPICIOUS_MOVE = YES;
				CLANG_WARN_UNGUARDED_AVAILABILITY = YES_AGGRESSIVE;
				CLANG_WARN_UNREACHABLE_CODE = YES;
				CLANG_WARN__DUPLICATE_METHOD_MATCH = YES;
				COPY_PHASE_STRIP = NO;
				DEBUG_INFORMATION_FORMAT = "dwarf-with-dsym";
				ENABLE_NS_ASSERTIONS = NO;
				ENABLE_STRICT_OBJC_MSGSEND = YES;
				GCC_C_LANGUAGE_STANDARD = gnu11;
				GCC_NO_COMMON_BLOCKS = YES;
				GCC_WARN_64_TO_32_BIT_CONVERSION = YES;
				GCC_WARN_ABOUT_RETURN_TYPE = YES_ERROR;
				GCC_WARN_UNDECLARED_SELECTOR = YES;
				GCC_WARN_UNINITIALIZED_AUTOS = YES_AGGRESSIVE;
				GCC_WARN_UNUSED_FUNCTION = YES;
				GCC_WARN_UNUSED_VARIABLE = YES;
				IPHONEOS_DEPLOYMENT_TARGET = 14.4;
				MTL_ENABLE_DEBUG_INFO = NO;
				MTL_FAST_MATH = YES;
				SDKROOT = iphoneos;
				SWIFT_COMPILATION_MODE = wholemodule;
				SWIFT_OPTIMIZATION_LEVEL = "-O";
				VALIDATE_PRODUCT = YES;
			};
			name = Release;
		};
		E097AB76269201D20026D91F /* Debug */ = {
			isa = XCBuildConfiguration;
			buildSettings = {
				ASSETCATALOG_COMPILER_APPICON_NAME = AppIcon;
				ASSETCATALOG_COMPILER_GLOBAL_ACCENT_COLOR_NAME = AccentColor;
				CODE_SIGN_STYLE = Automatic;
				DEVELOPMENT_TEAM = BJNJ35894G;
				INFOPLIST_FILE = "Just Weather App/Sources/Info.plist";
				IPHONEOS_DEPLOYMENT_TARGET = 13.0;
				LD_RUNPATH_SEARCH_PATHS = (
					"$(inherited)",
					"@executable_path/Frameworks",
				);
				PRODUCT_BUNDLE_IDENTIFIER = "alexanderkovzhut.Just-Weather-App";
				PRODUCT_NAME = "$(TARGET_NAME)";
				SWIFT_VERSION = 5.0;
				TARGETED_DEVICE_FAMILY = "1,2";
			};
			name = Debug;
		};
		E097AB77269201D20026D91F /* Release */ = {
			isa = XCBuildConfiguration;
			buildSettings = {
				ASSETCATALOG_COMPILER_APPICON_NAME = AppIcon;
				ASSETCATALOG_COMPILER_GLOBAL_ACCENT_COLOR_NAME = AccentColor;
				CODE_SIGN_STYLE = Automatic;
				DEVELOPMENT_TEAM = BJNJ35894G;
				INFOPLIST_FILE = "Just Weather App/Sources/Info.plist";
				IPHONEOS_DEPLOYMENT_TARGET = 13.0;
				LD_RUNPATH_SEARCH_PATHS = (
					"$(inherited)",
					"@executable_path/Frameworks",
				);
				PRODUCT_BUNDLE_IDENTIFIER = "alexanderkovzhut.Just-Weather-App";
				PRODUCT_NAME = "$(TARGET_NAME)";
				SWIFT_VERSION = 5.0;
				TARGETED_DEVICE_FAMILY = "1,2";
			};
			name = Release;
		};
/* End XCBuildConfiguration section */

/* Begin XCConfigurationList section */
		E097AB5C269201D00026D91F /* Build configuration list for PBXProject "Just Weather App" */ = {
			isa = XCConfigurationList;
			buildConfigurations = (
				E097AB73269201D20026D91F /* Debug */,
				E097AB74269201D20026D91F /* Release */,
			);
			defaultConfigurationIsVisible = 0;
			defaultConfigurationName = Release;
		};
		E097AB75269201D20026D91F /* Build configuration list for PBXNativeTarget "Just Weather App" */ = {
			isa = XCConfigurationList;
			buildConfigurations = (
				E097AB76269201D20026D91F /* Debug */,
				E097AB77269201D20026D91F /* Release */,
			);
			defaultConfigurationIsVisible = 0;
			defaultConfigurationName = Release;
		};
/* End XCConfigurationList section */
	};
	rootObject = E097AB59269201D00026D91F /* Project object */;
}
